PODS:
  - DZPopupMessageView (0.2.0)

DEPENDENCIES:
  - DZPopupMessageView (from `../`)

EXTERNAL SOURCES:
  DZPopupMessageView:
    :path: "../"

SPEC CHECKSUMS:
  DZPopupMessageView: bbb235c8c61b505b99c46eca493b0c7e83ed214c

PODFILE CHECKSUM: dfbffb7f0c0cd9f943c0b2ae47b23643eccfa088

COCOAPODS: 1.5.3
